
Microsoft Visual Studio Solution File, Format Version 12.00
# Visual Studio Version 17
VisualStudioVersion = 17.5.002.0
MinimumVisualStudioVersion = 10.0.40219.1
Project("{9A19103F-16F7-4668-BE54-9A1E7A4F7556}") = "dotnet-cyberpunk-challenge-4", "dotnet-cyberpunk-challenge-4.csproj", "{F447E2E8-C8DB-41D7-9ABC-6AE63B4B2AE8}"
EndProject
Global
	GlobalSection(SolutionConfigurationPlatforms) = preSolution
		Debug|Any CPU = Debug|Any CPU
		Release|Any CPU = Release|Any CPU
	EndGlobalSection
	GlobalSection(ProjectConfigurationPlatforms) = postSolution
		{F447E2E8-C8DB-41D7-9ABC-6AE63B4B2AE8}.Debug|Any CPU.ActiveCfg = Debug|Any CPU
		{F447E2E8-C8DB-41D7-9ABC-6AE63B4B2AE8}.Debug|Any CPU.Build.0 = Debug|Any CPU
		{F447E2E8-C8DB-41D7-9ABC-6AE63B4B2AE8}.Release|Any CPU.ActiveCfg = Release|Any CPU
		{F447E2E8-C8DB-41D7-9ABC-6AE63B4B2AE8}.Release|Any CPU.Build.0 = Release|Any CPU
	EndGlobalSection
	GlobalSection(SolutionProperties) = preSolution
		HideSolutionNode = FALSE
	EndGlobalSection
	GlobalSection(ExtensibilityGlobals) = postSolution
		SolutionGuid = {F58D4926-85D5-40DF-A569-AB8DD193EAA0}
	EndGlobalSection
EndGlobal
